// !$*UTF8*$!
{
	archiveVersion = 1;
	classes = {
	};
	objectVersion = 50;
	objects = {

/* Begin PBXBuildFile section */
		0468E43926C1FCAB00628ED4 /* ASGEphemeris.framework in Frameworks */ = {isa = PBXBuildFile; fileRef = 0468E42F26C1FCAB00628ED4 /* ASGEphemeris.framework */; };
		0468E43E26C1FCAB00628ED4 /* ASGEphemerisTests.swift in Sources */ = {isa = PBXBuildFile; fileRef = 0468E43D26C1FCAB00628ED4 /* ASGEphemerisTests.swift */; };
		0468E46D26C1FD3800628ED4 /* ASGEphemerisGlue.m in Sources */ = {isa = PBXBuildFile; fileRef = 0468E44926C1FD3800628ED4 /* ASGEphemerisGlue.m */; };
		0468E46E26C1FD3800628ED4 /* ASGEphemerisGlue.h in Headers */ = {isa = PBXBuildFile; fileRef = 0468E44A26C1FD3800628ED4 /* ASGEphemerisGlue.h */; };
		0468E46F26C1FD3800628ED4 /* swemptab.h in Headers */ = {isa = PBXBuildFile; fileRef = 0468E44C26C1FD3800628ED4 /* swemptab.h */; };
		0468E47026C1FD3800628ED4 /* swemmoon.c in Sources */ = {isa = PBXBuildFile; fileRef = 0468E44D26C1FD3800628ED4 /* swemmoon.c */; };
		0468E47126C1FD3800628ED4 /* swevents.h in Headers */ = {isa = PBXBuildFile; fileRef = 0468E44E26C1FD3800628ED4 /* swevents.h */; };
		0468E47326C1FD3800628ED4 /* swehouse.h in Headers */ = {isa = PBXBuildFile; fileRef = 0468E45026C1FD3800628ED4 /* swehouse.h */; };
		0468E47426C1FD3800628ED4 /* swephexp.h in Headers */ = {isa = PBXBuildFile; fileRef = 0468E45126C1FD3800628ED4 /* swephexp.h */; settings = {ATTRIBUTES = (Public, ); }; };
		0468E47526C1FD3800628ED4 /* sweph.h in Headers */ = {isa = PBXBuildFile; fileRef = 0468E45226C1FD3800628ED4 /* sweph.h */; };
		0468E47626C1FD3800628ED4 /* swedate.h in Headers */ = {isa = PBXBuildFile; fileRef = 0468E45326C1FD3800628ED4 /* swedate.h */; };
		0468E47726C1FD3800628ED4 /* swehel.c in Sources */ = {isa = PBXBuildFile; fileRef = 0468E45426C1FD3800628ED4 /* swehel.c */; };
		0468E47826C1FD3800628ED4 /* swejpl.h in Headers */ = {isa = PBXBuildFile; fileRef = 0468E45526C1FD3800628ED4 /* swejpl.h */; };
		0468E47926C1FD3800628ED4 /* swephlib.h in Headers */ = {isa = PBXBuildFile; fileRef = 0468E45626C1FD3800628ED4 /* swephlib.h */; };
		0468E47B26C1FD3800628ED4 /* swedll.h in Headers */ = {isa = PBXBuildFile; fileRef = 0468E45826C1FD3800628ED4 /* swedll.h */; };
		0468E47C26C1FD3800628ED4 /* swehouse.c in Sources */ = {isa = PBXBuildFile; fileRef = 0468E45926C1FD3800628ED4 /* swehouse.c */; };
		0468E47D26C1FD3800628ED4 /* swecl.c in Sources */ = {isa = PBXBuildFile; fileRef = 0468E45A26C1FD3800628ED4 /* swecl.c */; };
		0468E47E26C1FD3800628ED4 /* sweephe4.h in Headers */ = {isa = PBXBuildFile; fileRef = 0468E45B26C1FD3800628ED4 /* sweephe4.h */; };
		0468E47F26C1FD3800628ED4 /* swenut2000a.h in Headers */ = {isa = PBXBuildFile; fileRef = 0468E45C26C1FD3800628ED4 /* swenut2000a.h */; };
		0468E48126C1FD3800628ED4 /* sweph.c in Sources */ = {isa = PBXBuildFile; fileRef = 0468E45E26C1FD3800628ED4 /* sweph.c */; };
		0468E48226C1FD3800628ED4 /* swedate.c in Sources */ = {isa = PBXBuildFile; fileRef = 0468E45F26C1FD3800628ED4 /* swedate.c */; };
		0468E48526C1FD3800628ED4 /* swemplan.c in Sources */ = {isa = PBXBuildFile; fileRef = 0468E46226C1FD3800628ED4 /* swemplan.c */; };
		0468E48626C1FD3800628ED4 /* swephlib.c in Sources */ = {isa = PBXBuildFile; fileRef = 0468E46326C1FD3800628ED4 /* swephlib.c */; };
		0468E48726C1FD3800628ED4 /* swejpl.c in Sources */ = {isa = PBXBuildFile; fileRef = 0468E46426C1FD3800628ED4 /* swejpl.c */; };
		0468E48826C1FD3800628ED4 /* sweodef.h in Headers */ = {isa = PBXBuildFile; fileRef = 0468E46526C1FD3800628ED4 /* sweodef.h */; settings = {ATTRIBUTES = (Public, ); }; };
		0468E48B26C1FD3800628ED4 /* sepl_18.se1 in Resources */ = {isa = PBXBuildFile; fileRef = 0468E46A26C1FD3800628ED4 /* sepl_18.se1 */; };
		0468E48C26C1FD3800628ED4 /* semo_18.se1 in Resources */ = {isa = PBXBuildFile; fileRef = 0468E46C26C1FD3800628ED4 /* semo_18.se1 */; };
		0468E48D26C1FFA400628ED4 /* sweephe4.c in Sources */ = {isa = PBXBuildFile; fileRef = 0468E44F26C1FD3800628ED4 /* sweephe4.c */; };
/* End PBXBuildFile section */

/* Begin PBXContainerItemProxy section */
		0468E43A26C1FCAB00628ED4 /* PBXContainerItemProxy */ = {
			isa = PBXContainerItemProxy;
			containerPortal = 0468E42626C1FCAB00628ED4 /* Project object */;
			proxyType = 1;
			remoteGlobalIDString = 0468E42E26C1FCAB00628ED4;
			remoteInfo = ASGEphemeris;
		};
/* End PBXContainerItemProxy section */

/* Begin PBXFileReference section */
		0468E42F26C1FCAB00628ED4 /* ASGEphemeris.framework */ = {isa = PBXFileReference; explicitFileType = wrapper.framework; includeInIndex = 0; path = ASGEphemeris.framework; sourceTree = BUILT_PRODUCTS_DIR; };
		0468E43326C1FCAB00628ED4 /* Info.plist */ = {isa = PBXFileReference; lastKnownFileType = text.plist.xml; path = Info.plist; sourceTree = "<group>"; };
		0468E43826C1FCAB00628ED4 /* ASGEphemerisTests.xctest */ = {isa = PBXFileReference; explicitFileType = wrapper.cfbundle; includeInIndex = 0; path = ASGEphemerisTests.xctest; sourceTree = BUILT_PRODUCTS_DIR; };
		0468E43D26C1FCAB00628ED4 /* ASGEphemerisTests.swift */ = {isa = PBXFileReference; lastKnownFileType = sourcecode.swift; path = ASGEphemerisTests.swift; sourceTree = "<group>"; };
		0468E43F26C1FCAB00628ED4 /* Info.plist */ = {isa = PBXFileReference; lastKnownFileType = text.plist.xml; path = Info.plist; sourceTree = "<group>"; };
		0468E44926C1FD3800628ED4 /* ASGEphemerisGlue.m */ = {isa = PBXFileReference; fileEncoding = 4; lastKnownFileType = sourcecode.c.objc; path = ASGEphemerisGlue.m; sourceTree = "<group>"; };
		0468E44A26C1FD3800628ED4 /* ASGEphemerisGlue.h */ = {isa = PBXFileReference; fileEncoding = 4; lastKnownFileType = sourcecode.c.h; path = ASGEphemerisGlue.h; sourceTree = "<group>"; };
		0468E44C26C1FD3800628ED4 /* swemptab.h */ = {isa = PBXFileReference; fileEncoding = 4; lastKnownFileType = sourcecode.c.h; path = swemptab.h; sourceTree = "<group>"; };
		0468E44D26C1FD3800628ED4 /* swemmoon.c */ = {isa = PBXFileReference; fileEncoding = 4; lastKnownFileType = sourcecode.c.c; path = swemmoon.c; sourceTree = "<group>"; };
		0468E44E26C1FD3800628ED4 /* swevents.h */ = {isa = PBXFileReference; fileEncoding = 4; lastKnownFileType = sourcecode.c.h; path = swevents.h; sourceTree = "<group>"; };
		0468E44F26C1FD3800628ED4 /* sweephe4.c */ = {isa = PBXFileReference; fileEncoding = 4; lastKnownFileType = sourcecode.c.c; path = sweephe4.c; sourceTree = "<group>"; };
		0468E45026C1FD3800628ED4 /* swehouse.h */ = {isa = PBXFileReference; fileEncoding = 4; lastKnownFileType = sourcecode.c.h; path = swehouse.h; sourceTree = "<group>"; };
		0468E45126C1FD3800628ED4 /* swephexp.h */ = {isa = PBXFileReference; fileEncoding = 4; lastKnownFileType = sourcecode.c.h; path = swephexp.h; sourceTree = "<group>"; };
		0468E45226C1FD3800628ED4 /* sweph.h */ = {isa = PBXFileReference; fileEncoding = 4; lastKnownFileType = sourcecode.c.h; path = sweph.h; sourceTree = "<group>"; };
		0468E45326C1FD3800628ED4 /* swedate.h */ = {isa = PBXFileReference; fileEncoding = 4; lastKnownFileType = sourcecode.c.h; path = swedate.h; sourceTree = "<group>"; };
		0468E45426C1FD3800628ED4 /* swehel.c */ = {isa = PBXFileReference; fileEncoding = 4; lastKnownFileType = sourcecode.c.c; path = swehel.c; sourceTree = "<group>"; };
		0468E45526C1FD3800628ED4 /* swejpl.h */ = {isa = PBXFileReference; fileEncoding = 4; lastKnownFileType = sourcecode.c.h; path = swejpl.h; sourceTree = "<group>"; };
		0468E45626C1FD3800628ED4 /* swephlib.h */ = {isa = PBXFileReference; fileEncoding = 4; lastKnownFileType = sourcecode.c.h; path = swephlib.h; sourceTree = "<group>"; };
		0468E45726C1FD3800628ED4 /* swephgen4.c */ = {isa = PBXFileReference; fileEncoding = 4; lastKnownFileType = sourcecode.c.c; path = swephgen4.c; sourceTree = "<group>"; };
		0468E45826C1FD3800628ED4 /* swedll.h */ = {isa = PBXFileReference; fileEncoding = 4; lastKnownFileType = sourcecode.c.h; path = swedll.h; sourceTree = "<group>"; };
		0468E45926C1FD3800628ED4 /* swehouse.c */ = {isa = PBXFileReference; fileEncoding = 4; lastKnownFileType = sourcecode.c.c; path = swehouse.c; sourceTree = "<group>"; };
		0468E45A26C1FD3800628ED4 /* swecl.c */ = {isa = PBXFileReference; fileEncoding = 4; lastKnownFileType = sourcecode.c.c; path = swecl.c; sourceTree = "<group>"; };
		0468E45B26C1FD3800628ED4 /* sweephe4.h */ = {isa = PBXFileReference; fileEncoding = 4; lastKnownFileType = sourcecode.c.h; path = sweephe4.h; sourceTree = "<group>"; };
		0468E45C26C1FD3800628ED4 /* swenut2000a.h */ = {isa = PBXFileReference; fileEncoding = 4; lastKnownFileType = sourcecode.c.h; path = swenut2000a.h; sourceTree = "<group>"; };
		0468E45D26C1FD3800628ED4 /* swevents.c */ = {isa = PBXFileReference; fileEncoding = 4; lastKnownFileType = sourcecode.c.c; path = swevents.c; sourceTree = "<group>"; };
		0468E45E26C1FD3800628ED4 /* sweph.c */ = {isa = PBXFileReference; fileEncoding = 4; lastKnownFileType = sourcecode.c.c; path = sweph.c; sourceTree = "<group>"; };
		0468E45F26C1FD3800628ED4 /* swedate.c */ = {isa = PBXFileReference; fileEncoding = 4; lastKnownFileType = sourcecode.c.c; path = swedate.c; sourceTree = "<group>"; };
		0468E46026C1FD3800628ED4 /* swetest.c */ = {isa = PBXFileReference; fileEncoding = 4; lastKnownFileType = sourcecode.c.c; path = swetest.c; sourceTree = "<group>"; };
		0468E46126C1FD3800628ED4 /* sweclips.c */ = {isa = PBXFileReference; fileEncoding = 4; lastKnownFileType = sourcecode.c.c; path = sweclips.c; sourceTree = "<group>"; };
		0468E46226C1FD3800628ED4 /* swemplan.c */ = {isa = PBXFileReference; fileEncoding = 4; lastKnownFileType = sourcecode.c.c; path = swemplan.c; sourceTree = "<group>"; };
		0468E46326C1FD3800628ED4 /* swephlib.c */ = {isa = PBXFileReference; fileEncoding = 4; lastKnownFileType = sourcecode.c.c; path = swephlib.c; sourceTree = "<group>"; };
		0468E46426C1FD3800628ED4 /* swejpl.c */ = {isa = PBXFileReference; fileEncoding = 4; lastKnownFileType = sourcecode.c.c; path = swejpl.c; sourceTree = "<group>"; };
		0468E46526C1FD3800628ED4 /* sweodef.h */ = {isa = PBXFileReference; fileEncoding = 4; lastKnownFileType = sourcecode.c.h; path = sweodef.h; sourceTree = "<group>"; };
		0468E46626C1FD3800628ED4 /* swemini.c */ = {isa = PBXFileReference; fileEncoding = 4; lastKnownFileType = sourcecode.c.c; path = swemini.c; sourceTree = "<group>"; };
		0468E46726C1FD3800628ED4 /* sweasp.c */ = {isa = PBXFileReference; fileEncoding = 4; lastKnownFileType = sourcecode.c.c; path = sweasp.c; sourceTree = "<group>"; };
		0468E46A26C1FD3800628ED4 /* sepl_18.se1 */ = {isa = PBXFileReference; lastKnownFileType = file; path = sepl_18.se1; sourceTree = "<group>"; };
		0468E46C26C1FD3800628ED4 /* semo_18.se1 */ = {isa = PBXFileReference; lastKnownFileType = file; path = semo_18.se1; sourceTree = "<group>"; };
/* End PBXFileReference section */

/* Begin PBXFrameworksBuildPhase section */
		0468E42C26C1FCAB00628ED4 /* Frameworks */ = {
			isa = PBXFrameworksBuildPhase;
			buildActionMask = 2147483647;
			files = (
			);
			runOnlyForDeploymentPostprocessing = 0;
		};
		0468E43526C1FCAB00628ED4 /* Frameworks */ = {
			isa = PBXFrameworksBuildPhase;
			buildActionMask = 2147483647;
			files = (
				0468E43926C1FCAB00628ED4 /* ASGEphemeris.framework in Frameworks */,
			);
			runOnlyForDeploymentPostprocessing = 0;
		};
/* End PBXFrameworksBuildPhase section */

/* Begin PBXGroup section */
		0468E42526C1FCAB00628ED4 = {
			isa = PBXGroup;
			children = (
				0468E43126C1FCAB00628ED4 /* ASGEphemeris */,
				0468E43C26C1FCAB00628ED4 /* ASGEphemerisTests */,
				0468E43026C1FCAB00628ED4 /* Products */,
			);
			sourceTree = "<group>";
		};
		0468E43026C1FCAB00628ED4 /* Products */ = {
			isa = PBXGroup;
			children = (
				0468E42F26C1FCAB00628ED4 /* ASGEphemeris.framework */,
				0468E43826C1FCAB00628ED4 /* ASGEphemerisTests.xctest */,
			);
			name = Products;
			sourceTree = "<group>";
		};
		0468E43126C1FCAB00628ED4 /* ASGEphemeris */ = {
			isa = PBXGroup;
			children = (
				0468E44A26C1FD3800628ED4 /* ASGEphemerisGlue.h */,
				0468E44926C1FD3800628ED4 /* ASGEphemerisGlue.m */,
				0468E46826C1FD3800628ED4 /* Data */,
				0468E44B26C1FD3800628ED4 /* swisseph */,
				0468E43326C1FCAB00628ED4 /* Info.plist */,
			);
			path = ASGEphemeris;
			sourceTree = "<group>";
		};
		0468E43C26C1FCAB00628ED4 /* ASGEphemerisTests */ = {
			isa = PBXGroup;
			children = (
				0468E43D26C1FCAB00628ED4 /* ASGEphemerisTests.swift */,
				0468E43F26C1FCAB00628ED4 /* Info.plist */,
			);
			path = ASGEphemerisTests;
			sourceTree = "<group>";
		};
		0468E44B26C1FD3800628ED4 /* swisseph */ = {
			isa = PBXGroup;
			children = (
				0468E44C26C1FD3800628ED4 /* swemptab.h */,
				0468E44D26C1FD3800628ED4 /* swemmoon.c */,
				0468E44E26C1FD3800628ED4 /* swevents.h */,
				0468E44F26C1FD3800628ED4 /* sweephe4.c */,
				0468E45026C1FD3800628ED4 /* swehouse.h */,
				0468E45126C1FD3800628ED4 /* swephexp.h */,
				0468E45226C1FD3800628ED4 /* sweph.h */,
				0468E45326C1FD3800628ED4 /* swedate.h */,
				0468E45426C1FD3800628ED4 /* swehel.c */,
				0468E45526C1FD3800628ED4 /* swejpl.h */,
				0468E45626C1FD3800628ED4 /* swephlib.h */,
				0468E45726C1FD3800628ED4 /* swephgen4.c */,
				0468E45826C1FD3800628ED4 /* swedll.h */,
				0468E45926C1FD3800628ED4 /* swehouse.c */,
				0468E45A26C1FD3800628ED4 /* swecl.c */,
				0468E45B26C1FD3800628ED4 /* sweephe4.h */,
				0468E45C26C1FD3800628ED4 /* swenut2000a.h */,
				0468E45D26C1FD3800628ED4 /* swevents.c */,
				0468E45E26C1FD3800628ED4 /* sweph.c */,
				0468E45F26C1FD3800628ED4 /* swedate.c */,
				0468E46026C1FD3800628ED4 /* swetest.c */,
				0468E46126C1FD3800628ED4 /* sweclips.c */,
				0468E46226C1FD3800628ED4 /* swemplan.c */,
				0468E46326C1FD3800628ED4 /* swephlib.c */,
				0468E46426C1FD3800628ED4 /* swejpl.c */,
				0468E46526C1FD3800628ED4 /* sweodef.h */,
				0468E46626C1FD3800628ED4 /* swemini.c */,
				0468E46726C1FD3800628ED4 /* sweasp.c */,
			);
			path = swisseph;
			sourceTree = "<group>";
		};
		0468E46826C1FD3800628ED4 /* Data */ = {
			isa = PBXGroup;
			children = (
				0468E46926C1FD3800628ED4 /* Planetary */,
				0468E46B26C1FD3800628ED4 /* Moon */,
			);
			path = Data;
			sourceTree = "<group>";
		};
		0468E46926C1FD3800628ED4 /* Planetary */ = {
			isa = PBXGroup;
			children = (
				0468E46A26C1FD3800628ED4 /* sepl_18.se1 */,
			);
			path = Planetary;
			sourceTree = "<group>";
		};
		0468E46B26C1FD3800628ED4 /* Moon */ = {
			isa = PBXGroup;
			children = (
				0468E46C26C1FD3800628ED4 /* semo_18.se1 */,
			);
			path = Moon;
			sourceTree = "<group>";
		};
/* End PBXGroup section */

/* Begin PBXHeadersBuildPhase section */
		0468E42A26C1FCAB00628ED4 /* Headers */ = {
			isa = PBXHeadersBuildPhase;
			buildActionMask = 2147483647;
			files = (
				0468E47426C1FD3800628ED4 /* swephexp.h in Headers */,
				0468E48826C1FD3800628ED4 /* sweodef.h in Headers */,
				0468E47526C1FD3800628ED4 /* sweph.h in Headers */,
				0468E46E26C1FD3800628ED4 /* ASGEphemerisGlue.h in Headers */,
				0468E47826C1FD3800628ED4 /* swejpl.h in Headers */,
				0468E47F26C1FD3800628ED4 /* swenut2000a.h in Headers */,
				0468E47126C1FD3800628ED4 /* swevents.h in Headers */,
				0468E47E26C1FD3800628ED4 /* sweephe4.h in Headers */,
				0468E46F26C1FD3800628ED4 /* swemptab.h in Headers */,
				0468E47926C1FD3800628ED4 /* swephlib.h in Headers */,
				0468E47B26C1FD3800628ED4 /* swedll.h in Headers */,
				0468E47326C1FD3800628ED4 /* swehouse.h in Headers */,
				0468E47626C1FD3800628ED4 /* swedate.h in Headers */,
			);
			runOnlyForDeploymentPostprocessing = 0;
		};
/* End PBXHeadersBuildPhase section */

/* Begin PBXNativeTarget section */
		0468E42E26C1FCAB00628ED4 /* ASGEphemeris */ = {
			isa = PBXNativeTarget;
			buildConfigurationList = 0468E44326C1FCAB00628ED4 /* Build configuration list for PBXNativeTarget "ASGEphemeris" */;
			buildPhases = (
				0468E42A26C1FCAB00628ED4 /* Headers */,
				0468E42B26C1FCAB00628ED4 /* Sources */,
				0468E42C26C1FCAB00628ED4 /* Frameworks */,
				0468E42D26C1FCAB00628ED4 /* Resources */,
			);
			buildRules = (
			);
			dependencies = (
			);
			name = ASGEphemeris;
			productName = ASGEphemeris;
			productReference = 0468E42F26C1FCAB00628ED4 /* ASGEphemeris.framework */;
			productType = "com.apple.product-type.framework";
		};
		0468E43726C1FCAB00628ED4 /* ASGEphemerisTests */ = {
			isa = PBXNativeTarget;
			buildConfigurationList = 0468E44626C1FCAB00628ED4 /* Build configuration list for PBXNativeTarget "ASGEphemerisTests" */;
			buildPhases = (
				0468E43426C1FCAB00628ED4 /* Sources */,
				0468E43526C1FCAB00628ED4 /* Frameworks */,
				0468E43626C1FCAB00628ED4 /* Resources */,
			);
			buildRules = (
			);
			dependencies = (
				0468E43B26C1FCAB00628ED4 /* PBXTargetDependency */,
			);
			name = ASGEphemerisTests;
			productName = ASGEphemerisTests;
			productReference = 0468E43826C1FCAB00628ED4 /* ASGEphemerisTests.xctest */;
			productType = "com.apple.product-type.bundle.unit-test";
		};
/* End PBXNativeTarget section */

/* Begin PBXProject section */
		0468E42626C1FCAB00628ED4 /* Project object */ = {
			isa = PBXProject;
			attributes = {
				LastSwiftUpdateCheck = 1250;
				LastUpgradeCheck = 1250;
				TargetAttributes = {
					0468E42E26C1FCAB00628ED4 = {
						CreatedOnToolsVersion = 12.5.1;
					};
					0468E43726C1FCAB00628ED4 = {
						CreatedOnToolsVersion = 12.5.1;
					};
				};
			};
			buildConfigurationList = 0468E42926C1FCAB00628ED4 /* Build configuration list for PBXProject "ASGEphemeris" */;
			compatibilityVersion = "Xcode 9.3";
			developmentRegion = en;
			hasScannedForEncodings = 0;
			knownRegions = (
				en,
				Base,
			);
			mainGroup = 0468E42526C1FCAB00628ED4;
			productRefGroup = 0468E43026C1FCAB00628ED4 /* Products */;
			projectDirPath = "";
			projectRoot = "";
			targets = (
				0468E42E26C1FCAB00628ED4 /* ASGEphemeris */,
				0468E43726C1FCAB00628ED4 /* ASGEphemerisTests */,
			);
		};
/* End PBXProject section */

/* Begin PBXResourcesBuildPhase section */
		0468E42D26C1FCAB00628ED4 /* Resources */ = {
			isa = PBXResourcesBuildPhase;
			buildActionMask = 2147483647;
			files = (
				0468E48C26C1FD3800628ED4 /* semo_18.se1 in Resources */,
				0468E48B26C1FD3800628ED4 /* sepl_18.se1 in Resources */,
			);
			runOnlyForDeploymentPostprocessing = 0;
		};
		0468E43626C1FCAB00628ED4 /* Resources */ = {
			isa = PBXResourcesBuildPhase;
			buildActionMask = 2147483647;
			files = (
			);
			runOnlyForDeploymentPostprocessing = 0;
		};
/* End PBXResourcesBuildPhase section */

/* Begin PBXSourcesBuildPhase section */
		0468E42B26C1FCAB00628ED4 /* Sources */ = {
			isa = PBXSourcesBuildPhase;
			buildActionMask = 2147483647;
			files = (
				0468E48D26C1FFA400628ED4 /* sweephe4.c in Sources */,
				0468E48526C1FD3800628ED4 /* swemplan.c in Sources */,
				0468E47026C1FD3800628ED4 /* swemmoon.c in Sources */,
				0468E47726C1FD3800628ED4 /* swehel.c in Sources */,
				0468E48126C1FD3800628ED4 /* sweph.c in Sources */,
				0468E48726C1FD3800628ED4 /* swejpl.c in Sources */,
				0468E46D26C1FD3800628ED4 /* ASGEphemerisGlue.m in Sources */,
				0468E48626C1FD3800628ED4 /* swephlib.c in Sources */,
				0468E47D26C1FD3800628ED4 /* swecl.c in Sources */,
				0468E48226C1FD3800628ED4 /* swedate.c in Sources */,
				0468E47C26C1FD3800628ED4 /* swehouse.c in Sources */,
			);
			runOnlyForDeploymentPostprocessing = 0;
		};
		0468E43426C1FCAB00628ED4 /* Sources */ = {
			isa = PBXSourcesBuildPhase;
			buildActionMask = 2147483647;
			files = (
				0468E43E26C1FCAB00628ED4 /* ASGEphemerisTests.swift in Sources */,
			);
			runOnlyForDeploymentPostprocessing = 0;
		};
/* End PBXSourcesBuildPhase section */

/* Begin PBXTargetDependency section */
		0468E43B26C1FCAB00628ED4 /* PBXTargetDependency */ = {
			isa = PBXTargetDependency;
			target = 0468E42E26C1FCAB00628ED4 /* ASGEphemeris */;
			targetProxy = 0468E43A26C1FCAB00628ED4 /* PBXContainerItemProxy */;
		};
/* End PBXTargetDependency section */

/* Begin XCBuildConfiguration section */
		0468E44126C1FCAB00628ED4 /* Debug */ = {
			isa = XCBuildConfiguration;
			buildSettings = {
				ALWAYS_SEARCH_USER_PATHS = NO;
				CLANG_ANALYZER_NONNULL = YES;
				CLANG_ANALYZER_NUMBER_OBJECT_CONVERSION = YES_AGGRESSIVE;
				CLANG_CXX_LANGUAGE_STANDARD = "gnu++14";
				CLANG_CXX_LIBRARY = "libc++";
				CLANG_ENABLE_MODULES = YES;
				CLANG_ENABLE_OBJC_ARC = YES;
				CLANG_ENABLE_OBJC_WEAK = YES;
				CLANG_WARN_BLOCK_CAPTURE_AUTORELEASING = YES;
				CLANG_WARN_BOOL_CONVERSION = YES;
				CLANG_WARN_COMMA = YES;
				CLANG_WARN_CONSTANT_CONVERSION = YES;
				CLANG_WARN_DEPRECATED_OBJC_IMPLEMENTATIONS = YES;
				CLANG_WARN_DIRECT_OBJC_ISA_USAGE = YES_ERROR;
				CLANG_WARN_DOCUMENTATION_COMMENTS = YES;
				CLANG_WARN_EMPTY_BODY = YES;
				CLANG_WARN_ENUM_CONVERSION = YES;
				CLANG_WARN_INFINITE_RECURSION = YES;
				CLANG_WARN_INT_CONVERSION = YES;
				CLANG_WARN_NON_LITERAL_NULL_CONVERSION = YES;
				CLANG_WARN_OBJC_IMPLICIT_RETAIN_SELF = YES;
				CLANG_WARN_OBJC_LITERAL_CONVERSION = YES;
				CLANG_WARN_OBJC_ROOT_CLASS = YES_ERROR;
				CLANG_WARN_QUOTED_INCLUDE_IN_FRAMEWORK_HEADER = YES;
				CLANG_WARN_RANGE_LOOP_ANALYSIS = YES;
				CLANG_WARN_STRICT_PROTOTYPES = YES;
				CLANG_WARN_SUSPICIOUS_MOVE = YES;
				CLANG_WARN_UNGUARDED_AVAILABILITY = YES_AGGRESSIVE;
				CLANG_WARN_UNREACHABLE_CODE = YES;
				CLANG_WARN__DUPLICATE_METHOD_MATCH = YES;
				COPY_PHASE_STRIP = NO;
				CURRENT_PROJECT_VERSION = 1;
				DEBUG_INFORMATION_FORMAT = dwarf;
				ENABLE_STRICT_OBJC_MSGSEND = YES;
				ENABLE_TESTABILITY = YES;
				GCC_C_LANGUAGE_STANDARD = gnu11;
				GCC_DYNAMIC_NO_PIC = NO;
				GCC_NO_COMMON_BLOCKS = YES;
				GCC_OPTIMIZATION_LEVEL = 0;
				GCC_PREPROCESSOR_DEFINITIONS = (
					"DEBUG=1",
					"$(inherited)",
				);
				GCC_WARN_64_TO_32_BIT_CONVERSION = YES;
				GCC_WARN_ABOUT_RETURN_TYPE = YES_ERROR;
				GCC_WARN_UNDECLARED_SELECTOR = YES;
				GCC_WARN_UNINITIALIZED_AUTOS = YES_AGGRESSIVE;
				GCC_WARN_UNUSED_FUNCTION = YES;
				GCC_WARN_UNUSED_VARIABLE = YES;
				IPHONEOS_DEPLOYMENT_TARGET = 13.0;
				MTL_ENABLE_DEBUG_INFO = INCLUDE_SOURCE;
				MTL_FAST_MATH = YES;
				ONLY_ACTIVE_ARCH = YES;
				SDKROOT = iphoneos;
				SWIFT_ACTIVE_COMPILATION_CONDITIONS = DEBUG;
				SWIFT_OPTIMIZATION_LEVEL = "-Onone";
				VERSIONING_SYSTEM = "apple-generic";
				VERSION_INFO_PREFIX = "";
			};
			name = Debug;
		};
		0468E44226C1FCAB00628ED4 /* Release */ = {
			isa = XCBuildConfiguration;
			buildSettings = {
				ALWAYS_SEARCH_USER_PATHS = NO;
				CLANG_ANALYZER_NONNULL = YES;
				CLANG_ANALYZER_NUMBER_OBJECT_CONVERSION = YES_AGGRESSIVE;
				CLANG_CXX_LANGUAGE_STANDARD = "gnu++14";
				CLANG_CXX_LIBRARY = "libc++";
				CLANG_ENABLE_MODULES = YES;
				CLANG_ENABLE_OBJC_ARC = YES;
				CLANG_ENABLE_OBJC_WEAK = YES;
				CLANG_WARN_BLOCK_CAPTURE_AUTORELEASING = YES;
				CLANG_WARN_BOOL_CONVERSION = YES;
				CLANG_WARN_COMMA = YES;
				CLANG_WARN_CONSTANT_CONVERSION = YES;
				CLANG_WARN_DEPRECATED_OBJC_IMPLEMENTATIONS = YES;
				CLANG_WARN_DIRECT_OBJC_ISA_USAGE = YES_ERROR;
				CLANG_WARN_DOCUMENTATION_COMMENTS = YES;
				CLANG_WARN_EMPTY_BODY = YES;
				CLANG_WARN_ENUM_CONVERSION = YES;
				CLANG_WARN_INFINITE_RECURSION = YES;
				CLANG_WARN_INT_CONVERSION = YES;
				CLANG_WARN_NON_LITERAL_NULL_CONVERSION = YES;
				CLANG_WARN_OBJC_IMPLICIT_RETAIN_SELF = YES;
				CLANG_WARN_OBJC_LITERAL_CONVERSION = YES;
				CLANG_WARN_OBJC_ROOT_CLASS = YES_ERROR;
				CLANG_WARN_QUOTED_INCLUDE_IN_FRAMEWORK_HEADER = YES;
				CLANG_WARN_RANGE_LOOP_ANALYSIS = YES;
				CLANG_WARN_STRICT_PROTOTYPES = YES;
				CLANG_WARN_SUSPICIOUS_MOVE = YES;
				CLANG_WARN_UNGUARDED_AVAILABILITY = YES_AGGRESSIVE;
				CLANG_WARN_UNREACHABLE_CODE = YES;
				CLANG_WARN__DUPLICATE_METHOD_MATCH = YES;
				COPY_PHASE_STRIP = NO;
				CURRENT_PROJECT_VERSION = 1;
				DEBUG_INFORMATION_FORMAT = "dwarf-with-dsym";
				ENABLE_NS_ASSERTIONS = NO;
				ENABLE_STRICT_OBJC_MSGSEND = YES;
				GCC_C_LANGUAGE_STANDARD = gnu11;
				GCC_NO_COMMON_BLOCKS = YES;
				GCC_WARN_64_TO_32_BIT_CONVERSION = YES;
				GCC_WARN_ABOUT_RETURN_TYPE = YES_ERROR;
				GCC_WARN_UNDECLARED_SELECTOR = YES;
				GCC_WARN_UNINITIALIZED_AUTOS = YES_AGGRESSIVE;
				GCC_WARN_UNUSED_FUNCTION = YES;
				GCC_WARN_UNUSED_VARIABLE = YES;
				IPHONEOS_DEPLOYMENT_TARGET = 13.0;
				MTL_ENABLE_DEBUG_INFO = NO;
				MTL_FAST_MATH = YES;
				SDKROOT = iphoneos;
				SWIFT_COMPILATION_MODE = wholemodule;
				SWIFT_OPTIMIZATION_LEVEL = "-O";
				VALIDATE_PRODUCT = YES;
				VERSIONING_SYSTEM = "apple-generic";
				VERSION_INFO_PREFIX = "";
			};
			name = Release;
		};
		0468E44426C1FCAB00628ED4 /* Debug */ = {
			isa = XCBuildConfiguration;
			buildSettings = {
				CODE_SIGN_STYLE = Automatic;
				DEFINES_MODULE = YES;
				DEVELOPMENT_TEAM = UB9CT9SGFE;
				DYLIB_COMPATIBILITY_VERSION = 1;
				DYLIB_CURRENT_VERSION = 1;
				DYLIB_INSTALL_NAME_BASE = "@rpath";
				INFOPLIST_FILE = ASGEphemeris/Info.plist;
				INSTALL_PATH = "$(LOCAL_LIBRARY_DIR)/Frameworks";
				LD_RUNPATH_SEARCH_PATHS = (
					"$(inherited)",
					"@executable_path/Frameworks",
					"@loader_path/Frameworks",
				);
				PRODUCT_BUNDLE_IDENTIFIER = com.varianceinteractive.ASGEphemeris;
				PRODUCT_NAME = "$(TARGET_NAME:c99extidentifier)";
				SKIP_INSTALL = YES;
				SUPPORTS_MACCATALYST = NO;
				SWIFT_VERSION = 5.0;
				TARGETED_DEVICE_FAMILY = 1;
			};
			name = Debug;
		};
		0468E44526C1FCAB00628ED4 /* Release */ = {
			isa = XCBuildConfiguration;
			buildSettings = {
				CODE_SIGN_STYLE = Automatic;
				DEFINES_MODULE = YES;
				DEVELOPMENT_TEAM = UB9CT9SGFE;
				DYLIB_COMPATIBILITY_VERSION = 1;
				DYLIB_CURRENT_VERSION = 1;
				DYLIB_INSTALL_NAME_BASE = "@rpath";
				INFOPLIST_FILE = ASGEphemeris/Info.plist;
				INSTALL_PATH = "$(LOCAL_LIBRARY_DIR)/Frameworks";
				LD_RUNPATH_SEARCH_PATHS = (
					"$(inherited)",
					"@executable_path/Frameworks",
					"@loader_path/Frameworks",
				);
				PRODUCT_BUNDLE_IDENTIFIER = com.varianceinteractive.ASGEphemeris;
				PRODUCT_NAME = "$(TARGET_NAME:c99extidentifier)";
				SKIP_INSTALL = YES;
				SUPPORTS_MACCATALYST = NO;
				SWIFT_VERSION = 5.0;
				TARGETED_DEVICE_FAMILY = 1;
			};
			name = Release;
		};
		0468E44726C1FCAB00628ED4 /* Debug */ = {
			isa = XCBuildConfiguration;
			buildSettings = {
				CODE_SIGN_STYLE = Automatic;
				DEVELOPMENT_TEAM = UB9CT9SGFE;
				INFOPLIST_FILE = ASGEphemerisTests/Info.plist;
				LD_RUNPATH_SEARCH_PATHS = (
					"$(inherited)",
					"@executable_path/Frameworks",
					"@loader_path/Frameworks",
				);
				PRODUCT_BUNDLE_IDENTIFIER = com.varianceinteractive.ASGEphemerisTests;
				PRODUCT_NAME = "$(TARGET_NAME)";
				SWIFT_VERSION = 5.0;
				TARGETED_DEVICE_FAMILY = "1,2";
			};
			name = Debug;
		};
		0468E44826C1FCAB00628ED4 /* Release */ = {
			isa = XCBuildConfiguration;
			buildSettings = {
				CODE_SIGN_STYLE = Automatic;
				DEVELOPMENT_TEAM = UB9CT9SGFE;
				INFOPLIST_FILE = ASGEphemerisTests/Info.plist;
				LD_RUNPATH_SEARCH_PATHS = (
					"$(inherited)",
					"@executable_path/Frameworks",
					"@loader_path/Frameworks",
				);
				PRODUCT_BUNDLE_IDENTIFIER = com.varianceinteractive.ASGEphemerisTests;
				PRODUCT_NAME = "$(TARGET_NAME)";
				SWIFT_VERSION = 5.0;
				TARGETED_DEVICE_FAMILY = "1,2";
			};
			name = Release;
		};
/* End XCBuildConfiguration section */

/* Begin XCConfigurationList section */
		0468E42926C1FCAB00628ED4 /* Build configuration list for PBXProject "ASGEphemeris" */ = {
			isa = XCConfigurationList;
			buildConfigurations = (
				0468E44126C1FCAB00628ED4 /* Debug */,
				0468E44226C1FCAB00628ED4 /* Release */,
			);
			defaultConfigurationIsVisible = 0;
			defaultConfigurationName = Release;
		};
		0468E44326C1FCAB00628ED4 /* Build configuration list for PBXNativeTarget "ASGEphemeris" */ = {
			isa = XCConfigurationList;
			buildConfigurations = (
				0468E44426C1FCAB00628ED4 /* Debug */,
				0468E44526C1FCAB00628ED4 /* Release */,
			);
			defaultConfigurationIsVisible = 0;
			defaultConfigurationName = Release;
		};
		0468E44626C1FCAB00628ED4 /* Build configuration list for PBXNativeTarget "ASGEphemerisTests" */ = {
			isa = XCConfigurationList;
			buildConfigurations = (
				0468E44726C1FCAB00628ED4 /* Debug */,
				0468E44826C1FCAB00628ED4 /* Release */,
			);
			defaultConfigurationIsVisible = 0;
			defaultConfigurationName = Release;
		};
/* End XCConfigurationList section */
	};
	rootObject = 0468E42626C1FCAB00628ED4 /* Project object */;
}
